// !$*UTF8*$!
{
	archiveVersion = 1;
	classes = {
	};
	objectVersion = 46;
	objects = {

/* Begin PBXBuildFile section */
		04046B441F2FAA9B00E0802C /* AppDelegate.swift in Sources */ = {isa = PBXBuildFile; fileRef = 04046B431F2FAA9B00E0802C /* AppDelegate.swift */; };
		04046B461F2FAA9B00E0802C /* ViewController.swift in Sources */ = {isa = PBXBuildFile; fileRef = 04046B451F2FAA9B00E0802C /* ViewController.swift */; };
		04046B491F2FAA9B00E0802C /* Main.storyboard in Resources */ = {isa = PBXBuildFile; fileRef = 04046B471F2FAA9B00E0802C /* Main.storyboard */; };
		04046B4B1F2FAA9B00E0802C /* Assets.xcassets in Resources */ = {isa = PBXBuildFile; fileRef = 04046B4A1F2FAA9B00E0802C /* Assets.xcassets */; };
		04046B4E1F2FAA9B00E0802C /* LaunchScreen.storyboard in Resources */ = {isa = PBXBuildFile; fileRef = 04046B4C1F2FAA9B00E0802C /* LaunchScreen.storyboard */; };
		04046B591F2FAA9C00E0802C /* LogintestTests.swift in Sources */ = {isa = PBXBuildFile; fileRef = 04046B581F2FAA9C00E0802C /* LogintestTests.swift */; };
/* End PBXBuildFile section */

/* Begin PBXContainerItemProxy section */
		04046B551F2FAA9C00E0802C /* PBXContainerItemProxy */ = {
			isa = PBXContainerItemProxy;
			containerPortal = 04046B381F2FAA9B00E0802C /* Project object */;
			proxyType = 1;
			remoteGlobalIDString = 04046B3F1F2FAA9B00E0802C;
			remoteInfo = Logintest;
		};
/* End PBXContainerItemProxy section */

/* Begin PBXFileReference section */
		04046B401F2FAA9B00E0802C /* Logintest.app */ = {isa = PBXFileReference; explicitFileType = wrapper.application; includeInIndex = 0; path = Logintest.app; sourceTree = BUILT_PRODUCTS_DIR; };
		04046B431F2FAA9B00E0802C /* AppDelegate.swift */ = {isa = PBXFileReference; lastKnownFileType = sourcecode.swift; path = AppDelegate.swift; sourceTree = "<group>"; };
		04046B451F2FAA9B00E0802C /* ViewController.swift */ = {isa = PBXFileReference; lastKnownFileType = sourcecode.swift; path = ViewController.swift; sourceTree = "<group>"; };
		04046B481F2FAA9B00E0802C /* Base */ = {isa = PBXFileReference; lastKnownFileType = file.storyboard; name = Base; path = Base.lproj/Main.storyboard; sourceTree = "<group>"; };
		04046B4A1F2FAA9B00E0802C /* Assets.xcassets */ = {isa = PBXFileReference; lastKnownFileType = folder.assetcatalog; path = Assets.xcassets; sourceTree = "<group>"; };
		04046B4D1F2FAA9B00E0802C /* Base */ = {isa = PBXFileReference; lastKnownFileType = file.storyboard; name = Base; path = Base.lproj/LaunchScreen.storyboard; sourceTree = "<group>"; };
		04046B4F1F2FAA9B00E0802C /* Info.plist */ = {isa = PBXFileReference; lastKnownFileType = text.plist.xml; path = Info.plist; sourceTree = "<group>"; };
		04046B541F2FAA9C00E0802C /* LogintestTests.xctest */ = {isa = PBXFileReference; explicitFileType = wrapper.cfbundle; includeInIndex = 0; path = LogintestTests.xctest; sourceTree = BUILT_PRODUCTS_DIR; };
		04046B581F2FAA9C00E0802C /* LogintestTests.swift */ = {isa = PBXFileReference; lastKnownFileType = sourcecode.swift; path = LogintestTests.swift; sourceTree = "<group>"; };
		04046B5A1F2FAA9C00E0802C /* Info.plist */ = {isa = PBXFileReference; lastKnownFileType = text.plist.xml; path = Info.plist; sourceTree = "<group>"; };
/* End PBXFileReference section */

/* Begin PBXFrameworksBuildPhase section */
		04046B3D1F2FAA9B00E0802C /* Frameworks */ = {
			isa = PBXFrameworksBuildPhase;
			buildActionMask = 2147483647;
			files = (
			);
			runOnlyForDeploymentPostprocessing = 0;
		};
		04046B511F2FAA9C00E0802C /* Frameworks */ = {
			isa = PBXFrameworksBuildPhase;
			buildActionMask = 2147483647;
			files = (
			);
			runOnlyForDeploymentPostprocessing = 0;
		};
/* End PBXFrameworksBuildPhase section */

/* Begin PBXGroup section */
		04046B371F2FAA9B00E0802C = {
			isa = PBXGroup;
			children = (
				04046B421F2FAA9B00E0802C /* Logintest */,
				04046B571F2FAA9C00E0802C /* LogintestTests */,
				04046B411F2FAA9B00E0802C /* Products */,
			);
			sourceTree = "<group>";
		};
		04046B411F2FAA9B00E0802C /* Products */ = {
			isa = PBXGroup;
			children = (
				04046B401F2FAA9B00E0802C /* Logintest.app */,
				04046B541F2FAA9C00E0802C /* LogintestTests.xctest */,
			);
			name = Products;
			sourceTree = "<group>";
		};
		04046B421F2FAA9B00E0802C /* Logintest */ = {
			isa = PBXGroup;
			children = (
				04046B431F2FAA9B00E0802C /* AppDelegate.swift */,
				04046B451F2FAA9B00E0802C /* ViewController.swift */,
				04046B471F2FAA9B00E0802C /* Main.storyboard */,
				04046B4A1F2FAA9B00E0802C /* Assets.xcassets */,
				04046B4C1F2FAA9B00E0802C /* LaunchScreen.storyboard */,
				04046B4F1F2FAA9B00E0802C /* Info.plist */,
			);
			path = Logintest;
			sourceTree = "<group>";
		};
		04046B571F2FAA9C00E0802C /* LogintestTests */ = {
			isa = PBXGroup;
			children = (
				04046B581F2FAA9C00E0802C /* LogintestTests.swift */,
				04046B5A1F2FAA9C00E0802C /* Info.plist */,
			);
			path = LogintestTests;
			sourceTree = "<group>";
		};
/* End PBXGroup section */

/* Begin PBXNativeTarget section */
		04046B3F1F2FAA9B00E0802C /* Logintest */ = {
			isa = PBXNativeTarget;
			buildConfigurationList = 04046B5D1F2FAA9C00E0802C /* Build configuration list for PBXNativeTarget "Logintest" */;
			buildPhases = (
				04046B3C1F2FAA9B00E0802C /* Sources */,
				04046B3D1F2FAA9B00E0802C /* Frameworks */,
				04046B3E1F2FAA9B00E0802C /* Resources */,
			);
			buildRules = (
			);
			dependencies = (
			);
			name = Logintest;
			productName = Logintest;
			productReference = 04046B401F2FAA9B00E0802C /* Logintest.app */;
			productType = "com.apple.product-type.application";
		};
		04046B531F2FAA9C00E0802C /* LogintestTests */ = {
			isa = PBXNativeTarget;
			buildConfigurationList = 04046B601F2FAA9C00E0802C /* Build configuration list for PBXNativeTarget "LogintestTests" */;
			buildPhases = (
				04046B501F2FAA9C00E0802C /* Sources */,
				04046B511F2FAA9C00E0802C /* Frameworks */,
				04046B521F2FAA9C00E0802C /* Resources */,
			);
			buildRules = (
			);
			dependencies = (
				04046B561F2FAA9C00E0802C /* PBXTargetDependency */,
			);
			name = LogintestTests;
			productName = LogintestTests;
			productReference = 04046B541F2FAA9C00E0802C /* LogintestTests.xctest */;
			productType = "com.apple.product-type.bundle.unit-test";
		};
/* End PBXNativeTarget section */

/* Begin PBXProject section */
		04046B381F2FAA9B00E0802C /* Project object */ = {
			isa = PBXProject;
			attributes = {
				LastSwiftUpdateCheck = 0830;
				LastUpgradeCheck = 0830;
				ORGANIZATIONNAME = mac;
				TargetAttributes = {
					04046B3F1F2FAA9B00E0802C = {
						CreatedOnToolsVersion = 8.3.3;
						ProvisioningStyle = Automatic;
					};
					04046B531F2FAA9C00E0802C = {
						CreatedOnToolsVersion = 8.3.3;
						ProvisioningStyle = Automatic;
						TestTargetID = 04046B3F1F2FAA9B00E0802C;
					};
				};
			};
			buildConfigurationList = 04046B3B1F2FAA9B00E0802C /* Build configuration list for PBXProject "Logintest" */;
			compatibilityVersion = "Xcode 3.2";
			developmentRegion = English;
			hasScannedForEncodings = 0;
			knownRegions = (
				en,
				Base,
			);
			mainGroup = 04046B371F2FAA9B00E0802C;
			productRefGroup = 04046B411F2FAA9B00E0802C /* Products */;
			projectDirPath = "";
			projectRoot = "";
			targets = (
				04046B3F1F2FAA9B00E0802C /* Logintest */,
				04046B531F2FAA9C00E0802C /* LogintestTests */,
			);
		};
/* End PBXProject section */

/* Begin PBXResourcesBuildPhase section */
		04046B3E1F2FAA9B00E0802C /* Resources */ = {
			isa = PBXResourcesBuildPhase;
			buildActionMask = 2147483647;
			files = (
				04046B4E1F2FAA9B00E0802C /* LaunchScreen.storyboard in Resources */,
				04046B4B1F2FAA9B00E0802C /* Assets.xcassets in Resources */,
				04046B491F2FAA9B00E0802C /* Main.storyboard in Resources */,
			);
			runOnlyForDeploymentPostprocessing = 0;
		};
		04046B521F2FAA9C00E0802C /* Resources */ = {
			isa = PBXResourcesBuildPhase;
			buildActionMask = 2147483647;
			files = (
			);
			runOnlyForDeploymentPostprocessing = 0;
		};
/* End PBXResourcesBuildPhase section */

/* Begin PBXSourcesBuildPhase section */
		04046B3C1F2FAA9B00E0802C /* Sources */ = {
			isa = PBXSourcesBuildPhase;
			buildActionMask = 2147483647;
			files = (
				04046B461F2FAA9B00E0802C /* ViewController.swift in Sources */,
				04046B441F2FAA9B00E0802C /* AppDelegate.swift in Sources */,
			);
			runOnlyForDeploymentPostprocessing = 0;
		};
		04046B501F2FAA9C00E0802C /* Sources */ = {
			isa = PBXSourcesBuildPhase;
			buildActionMask = 2147483647;
			files = (
				04046B591F2FAA9C00E0802C /* LogintestTests.swift in Sources */,
			);
			runOnlyForDeploymentPostprocessing = 0;
		};
/* End PBXSourcesBuildPhase section */

/* Begin PBXTargetDependency section */
		04046B561F2FAA9C00E0802C /* PBXTargetDependency */ = {
			isa = PBXTargetDependency;
			target = 04046B3F1F2FAA9B00E0802C /* Logintest */;
			targetProxy = 04046B551F2FAA9C00E0802C /* PBXContainerItemProxy */;
		};
/* End PBXTargetDependency section */

/* Begin PBXVariantGroup section */
		04046B471F2FAA9B00E0802C /* Main.storyboard */ = {
			isa = PBXVariantGroup;
			children = (
				04046B481F2FAA9B00E0802C /* Base */,
			);
			name = Main.storyboard;
			sourceTree = "<group>";
		};
		04046B4C1F2FAA9B00E0802C /* LaunchScreen.storyboard */ = {
			isa = PBXVariantGroup;
			children = (
				04046B4D1F2FAA9B00E0802C /* Base */,
			);
			name = LaunchScreen.storyboard;
			sourceTree = "<group>";
		};
/* End PBXVariantGroup section */

/* Begin XCBuildConfiguration section */
		04046B5B1F2FAA9C00E0802C /* Debug */ = {
			isa = XCBuildConfiguration;
			buildSettings = {
				ALWAYS_SEARCH_USER_PATHS = NO;
				CLANG_ANALYZER_NONNULL = YES;
				CLANG_ANALYZER_NUMBER_OBJECT_CONVERSION = YES_AGGRESSIVE;
				CLANG_CXX_LANGUAGE_STANDARD = "gnu++0x";
				CLANG_CXX_LIBRARY = "libc++";
				CLANG_ENABLE_MODULES = YES;
				CLANG_ENABLE_OBJC_ARC = YES;
				CLANG_WARN_BOOL_CONVERSION = YES;
				CLANG_WARN_CONSTANT_CONVERSION = YES;
				CLANG_WARN_DIRECT_OBJC_ISA_USAGE = YES_ERROR;
				CLANG_WARN_DOCUMENTATION_COMMENTS = YES;
				CLANG_WARN_EMPTY_BODY = YES;
				CLANG_WARN_ENUM_CONVERSION = YES;
				CLANG_WARN_INFINITE_RECURSION = YES;
				CLANG_WARN_INT_CONVERSION = YES;
				CLANG_WARN_OBJC_ROOT_CLASS = YES_ERROR;
				CLANG_WARN_SUSPICIOUS_MOVE = YES;
				CLANG_WARN_UNREACHABLE_CODE = YES;
				CLANG_WARN__DUPLICATE_METHOD_MATCH = YES;
				"CODE_SIGN_IDENTITY[sdk=iphoneos*]" = "iPhone Developer";
				COPY_PHASE_STRIP = NO;
				DEBUG_INFORMATION_FORMAT = dwarf;
				ENABLE_STRICT_OBJC_MSGSEND = YES;
				ENABLE_TESTABILITY = YES;
				GCC_C_LANGUAGE_STANDARD = gnu99;
				GCC_DYNAMIC_NO_PIC = NO;
				GCC_NO_COMMON_BLOCKS = YES;
				GCC_OPTIMIZATION_LEVEL = 0;
				GCC_PREPROCESSOR_DEFINITIONS = (
					"DEBUG=1",
					"$(inherited)",
				);
				GCC_WARN_64_TO_32_BIT_CONVERSION = YES;
				GCC_WARN_ABOUT_RETURN_TYPE = YES_ERROR;
				GCC_WARN_UNDECLARED_SELECTOR = YES;
				GCC_WARN_UNINITIALIZED_AUTOS = YES_AGGRESSIVE;
				GCC_WARN_UNUSED_FUNCTION = YES;
				GCC_WARN_UNUSED_VARIABLE = YES;
				IPHONEOS_DEPLOYMENT_TARGET = 10.3;
				MTL_ENABLE_DEBUG_INFO = YES;
				ONLY_ACTIVE_ARCH = YES;
				SDKROOT = iphoneos;
				SWIFT_ACTIVE_COMPILATION_CONDITIONS = DEBUG;
				SWIFT_OPTIMIZATION_LEVEL = "-Onone";
			};
			name = Debug;
		};
		04046B5C1F2FAA9C00E0802C /* Release */ = {
			isa = XCBuildConfiguration;
			buildSettings = {
				ALWAYS_SEARCH_USER_PATHS = NO;
				CLANG_ANALYZER_NONNULL = YES;
				CLANG_ANALYZER_NUMBER_OBJECT_CONVERSION = YES_AGGRESSIVE;
				CLANG_CXX_LANGUAGE_STANDARD = "gnu++0x";
				CLANG_CXX_LIBRARY = "libc++";
				CLANG_ENABLE_MODULES = YES;
				CLANG_ENABLE_OBJC_ARC = YES;
				CLANG_WARN_BOOL_CONVERSION = YES;
				CLANG_WARN_CONSTANT_CONVERSION = YES;
				CLANG_WARN_DIRECT_OBJC_ISA_USAGE = YES_ERROR;
				CLANG_WARN_DOCUMENTATION_COMMENTS = YES;
				CLANG_WARN_EMPTY_BODY = YES;
				CLANG_WARN_ENUM_CONVERSION = YES;
				CLANG_WARN_INFINITE_RECURSION = YES;
				CLANG_WARN_INT_CONVERSION = YES;
				CLANG_WARN_OBJC_ROOT_CLASS = YES_ERROR;
				CLANG_WARN_SUSPICIOUS_MOVE = YES;
				CLANG_WARN_UNREACHABLE_CODE = YES;
				CLANG_WARN__DUPLICATE_METHOD_MATCH = YES;
				"CODE_SIGN_IDENTITY[sdk=iphoneos*]" = "iPhone Developer";
				COPY_PHASE_STRIP = NO;
				DEBUG_INFORMATION_FORMAT = "dwarf-with-dsym";
				ENABLE_NS_ASSERTIONS = NO;
				ENABLE_STRICT_OBJC_MSGSEND = YES;
				GCC_C_LANGUAGE_STANDARD = gnu99;
				GCC_NO_COMMON_BLOCKS = YES;
				GCC_WARN_64_TO_32_BIT_CONVERSION = YES;
				GCC_WARN_ABOUT_RETURN_TYPE = YES_ERROR;
				GCC_WARN_UNDECLARED_SELECTOR = YES;
				GCC_WARN_UNINITIALIZED_AUTOS = YES_AGGRESSIVE;
				GCC_WARN_UNUSED_FUNCTION = YES;
				GCC_WARN_UNUSED_VARIABLE = YES;
				IPHONEOS_DEPLOYMENT_TARGET = 10.3;
				MTL_ENABLE_DEBUG_INFO = NO;
				SDKROOT = iphoneos;
				SWIFT_OPTIMIZATION_LEVEL = "-Owholemodule";
				VALIDATE_PRODUCT = YES;
			};
			name = Release;
		};
		04046B5E1F2FAA9C00E0802C /* Debug */ = {
			isa = XCBuildConfiguration;
			buildSettings = {
				ASSETCATALOG_COMPILER_APPICON_NAME = AppIcon;
				INFOPLIST_FILE = Logintest/Info.plist;
				LD_RUNPATH_SEARCH_PATHS = "$(inherited) @executable_path/Frameworks";
				PRODUCT_BUNDLE_IDENTIFIER = com.tylkovich.Logintest;
				PRODUCT_NAME = "$(TARGET_NAME)";
				SWIFT_VERSION = 3.0;
			};
			name = Debug;
		};
		04046B5F1F2FAA9C00E0802C /* Release */ = {
			isa = XCBuildConfiguration;
			buildSettings = {
				ASSETCATALOG_COMPILER_APPICON_NAME = AppIcon;
				INFOPLIST_FILE = Logintest/Info.plist;
				LD_RUNPATH_SEARCH_PATHS = "$(inherited) @executable_path/Frameworks";
				PRODUCT_BUNDLE_IDENTIFIER = com.tylkovich.Logintest;
				PRODUCT_NAME = "$(TARGET_NAME)";
				SWIFT_VERSION = 3.0;
			};
			name = Release;
		};
		04046B611F2FAA9C00E0802C /* Debug */ = {
			isa = XCBuildConfiguration;
			buildSettings = {
				ALWAYS_EMBED_SWIFT_STANDARD_LIBRARIES = YES;
				BUNDLE_LOADER = "$(TEST_HOST)";
				INFOPLIST_FILE = LogintestTests/Info.plist;
				LD_RUNPATH_SEARCH_PATHS = "$(inherited) @executable_path/Frameworks @loader_path/Frameworks";
				PRODUCT_BUNDLE_IDENTIFIER = com.tylkovich.LogintestTests;
				PRODUCT_NAME = "$(TARGET_NAME)";
				SWIFT_VERSION = 3.0;
				TEST_HOST = "$(BUILT_PRODUCTS_DIR)/Logintest.app/Logintest";
			};
			name = Debug;
		};
		04046B621F2FAA9C00E0802C /* Release */ = {
			isa = XCBuildConfiguration;
			buildSettings = {
				ALWAYS_EMBED_SWIFT_STANDARD_LIBRARIES = YES;
				BUNDLE_LOADER = "$(TEST_HOST)";
				INFOPLIST_FILE = LogintestTests/Info.plist;
				LD_RUNPATH_SEARCH_PATHS = "$(inherited) @executable_path/Frameworks @loader_path/Frameworks";
				PRODUCT_BUNDLE_IDENTIFIER = com.tylkovich.LogintestTests;
				PRODUCT_NAME = "$(TARGET_NAME)";
				SWIFT_VERSION = 3.0;
				TEST_HOST = "$(BUILT_PRODUCTS_DIR)/Logintest.app/Logintest";
			};
			name = Release;
		};
/* End XCBuildConfiguration section */

/* Begin XCConfigurationList section */
		04046B3B1F2FAA9B00E0802C /* Build configuration list for PBXProject "Logintest" */ = {
			isa = XCConfigurationList;
			buildConfigurations = (
				04046B5B1F2FAA9C00E0802C /* Debug */,
				04046B5C1F2FAA9C00E0802C /* Release */,
			);
			defaultConfigurationIsVisible = 0;
			defaultConfigurationName = Release;
		};
		04046B5D1F2FAA9C00E0802C /* Build configuration list for PBXNativeTarget "Logintest" */ = {
			isa = XCConfigurationList;
			buildConfigurations = (
				04046B5E1F2FAA9C00E0802C /* Debug */,
				04046B5F1F2FAA9C00E0802C /* Release */,
			);
			defaultConfigurationIsVisible = 0;
		};
		04046B601F2FAA9C00E0802C /* Build configuration list for PBXNativeTarget "LogintestTests" */ = {
			isa = XCConfigurationList;
			buildConfigurations = (
				04046B611F2FAA9C00E0802C /* Debug */,
				04046B621F2FAA9C00E0802C /* Release */,
			);
			defaultConfigurationIsVisible = 0;
		};
/* End XCConfigurationList section */
	};
	rootObject = 04046B381F2FAA9B00E0802C /* Project object */;
}
